
Microsoft Visual Studio Solution File, Format Version 12.00
# Visual Studio 15
VisualStudioVersion = 15.0.26430.16
MinimumVisualStudioVersion = 10.0.40219.1
Project("{FAE04EC0-301F-11D3-BF4B-00C04F79EFBC}") = "NetPush.Core", "NetPush.Core\NetPush.Core.csproj", "{13F52452-DFE1-4027-B5B3-090C40D8E49B}"
EndProject
Project("{2150E333-8FDC-42A3-9474-1A3956D46DE8}") = "Apple", "Apple", "{621F7C2A-DB5F-4D27-92E0-9B14AFA03DA8}"
EndProject
Project("{FAE04EC0-301F-11D3-BF4B-00C04F79EFBC}") = "NetPush.APNsToken", "NetPush.APNsToken\NetPush.APNsToken.csproj", "{2C54CF75-01EF-4136-BBC1-C4F78379AE88}"
EndProject
Project("{FAE04EC0-301F-11D3-BF4B-00C04F79EFBC}") = "ConsoleApp1", "ConsoleApp1\ConsoleApp1.csproj", "{F2094836-5263-41AD-90DA-669287C933BA}"
EndProject
Global
	GlobalSection(SolutionConfigurationPlatforms) = preSolution
		Debug|Any CPU = Debug|Any CPU
		Release|Any CPU = Release|Any CPU
	EndGlobalSection
	GlobalSection(ProjectConfigurationPlatforms) = postSolution
		{13F52452-DFE1-4027-B5B3-090C40D8E49B}.Debug|Any CPU.ActiveCfg = Debug|Any CPU
		{13F52452-DFE1-4027-B5B3-090C40D8E49B}.Debug|Any CPU.Build.0 = Debug|Any CPU
		{13F52452-DFE1-4027-B5B3-090C40D8E49B}.Release|Any CPU.ActiveCfg = Release|Any CPU
		{13F52452-DFE1-4027-B5B3-090C40D8E49B}.Release|Any CPU.Build.0 = Release|Any CPU
		{2C54CF75-01EF-4136-BBC1-C4F78379AE88}.Debug|Any CPU.ActiveCfg = Debug|Any CPU
		{2C54CF75-01EF-4136-BBC1-C4F78379AE88}.Debug|Any CPU.Build.0 = Debug|Any CPU
		{2C54CF75-01EF-4136-BBC1-C4F78379AE88}.Release|Any CPU.ActiveCfg = Release|Any CPU
		{2C54CF75-01EF-4136-BBC1-C4F78379AE88}.Release|Any CPU.Build.0 = Release|Any CPU
		{F2094836-5263-41AD-90DA-669287C933BA}.Debug|Any CPU.ActiveCfg = Debug|Any CPU
		{F2094836-5263-41AD-90DA-669287C933BA}.Debug|Any CPU.Build.0 = Debug|Any CPU
		{F2094836-5263-41AD-90DA-669287C933BA}.Release|Any CPU.ActiveCfg = Release|Any CPU
		{F2094836-5263-41AD-90DA-669287C933BA}.Release|Any CPU.Build.0 = Release|Any CPU
	EndGlobalSection
	GlobalSection(SolutionProperties) = preSolution
		HideSolutionNode = FALSE
	EndGlobalSection
	GlobalSection(NestedProjects) = preSolution
		{2C54CF75-01EF-4136-BBC1-C4F78379AE88} = {621F7C2A-DB5F-4D27-92E0-9B14AFA03DA8}
	EndGlobalSection
EndGlobal
